
Microsoft Visual Studio Solution File, Format Version 12.00
# Visual Studio Version 17
VisualStudioVersion = 17.2.32516.85
MinimumVisualStudioVersion = 10.0.40219.1
Project("{9A19103F-16F7-4668-BE54-9A1E7A4F7556}") = "MapMyPathWeb", "MapMyPathWeb\MapMyPathWeb.csproj", "{3203C651-B137-400F-8734-F58ED564764F}"
EndProject
Project("{9A19103F-16F7-4668-BE54-9A1E7A4F7556}") = "MapMyPathCore", "MapMyPathCore\MapMyPathCore.csproj", "{7182C50A-4B20-47F3-9C7B-9188816F9921}"
EndProject
Project("{9A19103F-16F7-4668-BE54-9A1E7A4F7556}") = "MapMyPathApi", "MapMyPathApi\MapMyPathApi.csproj", "{21DCB297-B310-4274-BD82-93A2C3CF1E6B}"
EndProject
Project("{9A19103F-16F7-4668-BE54-9A1E7A4F7556}") = "MapMyPathLib", "MapMyPathLib\MapMyPathLib.csproj", "{3F1782B2-6EC5-4311-9CA0-7E07D4CCEB2A}"
EndProject
Project("{9A19103F-16F7-4668-BE54-9A1E7A4F7556}") = "MapMyPathApiTests", "MapMyPathApiTests\MapMyPathApiTests.csproj", "{60F58A42-F546-4E2B-98DD-8495D41A0986}"
EndProject
Project("{9A19103F-16F7-4668-BE54-9A1E7A4F7556}") = "MapMyPathCoreTests", "MapMyPathCoreTests\MapMyPathCoreTests.csproj", "{2B4550F8-F327-40BF-A027-932DA259325C}"
EndProject
Project("{FAE04EC0-301F-11D3-BF4B-00C04F79EFBC}") = "MapMyPathWebTests", "MapMyPathWebTests\MapMyPathWebTests.csproj", "{E2F266BA-C930-4130-B9DA-B74DB27288C9}"
EndProject
Global
	GlobalSection(SolutionConfigurationPlatforms) = preSolution
		Debug|Any CPU = Debug|Any CPU
		Release|Any CPU = Release|Any CPU
	EndGlobalSection
	GlobalSection(ProjectConfigurationPlatforms) = postSolution
		{3203C651-B137-400F-8734-F58ED564764F}.Debug|Any CPU.ActiveCfg = Debug|Any CPU
		{3203C651-B137-400F-8734-F58ED564764F}.Debug|Any CPU.Build.0 = Debug|Any CPU
		{3203C651-B137-400F-8734-F58ED564764F}.Release|Any CPU.ActiveCfg = Release|Any CPU
		{3203C651-B137-400F-8734-F58ED564764F}.Release|Any CPU.Build.0 = Release|Any CPU
		{7182C50A-4B20-47F3-9C7B-9188816F9921}.Debug|Any CPU.ActiveCfg = Debug|Any CPU
		{7182C50A-4B20-47F3-9C7B-9188816F9921}.Debug|Any CPU.Build.0 = Debug|Any CPU
		{7182C50A-4B20-47F3-9C7B-9188816F9921}.Release|Any CPU.ActiveCfg = Release|Any CPU
		{7182C50A-4B20-47F3-9C7B-9188816F9921}.Release|Any CPU.Build.0 = Release|Any CPU
		{21DCB297-B310-4274-BD82-93A2C3CF1E6B}.Debug|Any CPU.ActiveCfg = Debug|Any CPU
		{21DCB297-B310-4274-BD82-93A2C3CF1E6B}.Debug|Any CPU.Build.0 = Debug|Any CPU
		{21DCB297-B310-4274-BD82-93A2C3CF1E6B}.Release|Any CPU.ActiveCfg = Release|Any CPU
		{21DCB297-B310-4274-BD82-93A2C3CF1E6B}.Release|Any CPU.Build.0 = Release|Any CPU
		{3F1782B2-6EC5-4311-9CA0-7E07D4CCEB2A}.Debug|Any CPU.ActiveCfg = Debug|Any CPU
		{3F1782B2-6EC5-4311-9CA0-7E07D4CCEB2A}.Debug|Any CPU.Build.0 = Debug|Any CPU
		{3F1782B2-6EC5-4311-9CA0-7E07D4CCEB2A}.Release|Any CPU.ActiveCfg = Release|Any CPU
		{3F1782B2-6EC5-4311-9CA0-7E07D4CCEB2A}.Release|Any CPU.Build.0 = Release|Any CPU
		{60F58A42-F546-4E2B-98DD-8495D41A0986}.Debug|Any CPU.ActiveCfg = Debug|Any CPU
		{60F58A42-F546-4E2B-98DD-8495D41A0986}.Debug|Any CPU.Build.0 = Debug|Any CPU
		{60F58A42-F546-4E2B-98DD-8495D41A0986}.Release|Any CPU.ActiveCfg = Release|Any CPU
		{60F58A42-F546-4E2B-98DD-8495D41A0986}.Release|Any CPU.Build.0 = Release|Any CPU
		{2B4550F8-F327-40BF-A027-932DA259325C}.Debug|Any CPU.ActiveCfg = Debug|Any CPU
		{2B4550F8-F327-40BF-A027-932DA259325C}.Debug|Any CPU.Build.0 = Debug|Any CPU
		{2B4550F8-F327-40BF-A027-932DA259325C}.Release|Any CPU.ActiveCfg = Release|Any CPU
		{2B4550F8-F327-40BF-A027-932DA259325C}.Release|Any CPU.Build.0 = Release|Any CPU
		{E2F266BA-C930-4130-B9DA-B74DB27288C9}.Debug|Any CPU.ActiveCfg = Debug|Any CPU
		{E2F266BA-C930-4130-B9DA-B74DB27288C9}.Debug|Any CPU.Build.0 = Debug|Any CPU
		{E2F266BA-C930-4130-B9DA-B74DB27288C9}.Release|Any CPU.ActiveCfg = Release|Any CPU
		{E2F266BA-C930-4130-B9DA-B74DB27288C9}.Release|Any CPU.Build.0 = Release|Any CPU
	EndGlobalSection
	GlobalSection(SolutionProperties) = preSolution
		HideSolutionNode = FALSE
	EndGlobalSection
	GlobalSection(ExtensibilityGlobals) = postSolution
		SolutionGuid = {5553405E-FD74-40F8-B81E-733E37CA359B}
	EndGlobalSection
EndGlobal
